// !$*UTF8*$!
{
	archiveVersion = 1;
	classes = {
	};
	objectVersion = 50;
	objects = {

/* Begin PBXBuildFile section */
		84BE0A3626AD7EE900FD28EB /* AppDelegate.swift in Sources */ = {isa = PBXBuildFile; fileRef = 84BE0A3526AD7EE900FD28EB /* AppDelegate.swift */; };
		84BE0A3826AD7EE900FD28EB /* SceneDelegate.swift in Sources */ = {isa = PBXBuildFile; fileRef = 84BE0A3726AD7EE900FD28EB /* SceneDelegate.swift */; };
		84BE0A3A26AD7EE900FD28EB /* ViewController.swift in Sources */ = {isa = PBXBuildFile; fileRef = 84BE0A3926AD7EE900FD28EB /* ViewController.swift */; };
		84BE0A3D26AD7EE900FD28EB /* Main.storyboard in Resources */ = {isa = PBXBuildFile; fileRef = 84BE0A3B26AD7EE900FD28EB /* Main.storyboard */; };
		84BE0A3F26AD7EEA00FD28EB /* Assets.xcassets in Resources */ = {isa = PBXBuildFile; fileRef = 84BE0A3E26AD7EEA00FD28EB /* Assets.xcassets */; };
		84BE0A4226AD7EEA00FD28EB /* LaunchScreen.storyboard in Resources */ = {isa = PBXBuildFile; fileRef = 84BE0A4026AD7EEA00FD28EB /* LaunchScreen.storyboard */; };
/* End PBXBuildFile section */

/* Begin PBXFileReference section */
		84BE0A3226AD7EE900FD28EB /* PulsingAnimation.app */ = {isa = PBXFileReference; explicitFileType = wrapper.application; includeInIndex = 0; path = PulsingAnimation.app; sourceTree = BUILT_PRODUCTS_DIR; };
		84BE0A3526AD7EE900FD28EB /* AppDelegate.swift */ = {isa = PBXFileReference; lastKnownFileType = sourcecode.swift; path = AppDelegate.swift; sourceTree = "<group>"; };
		84BE0A3726AD7EE900FD28EB /* SceneDelegate.swift */ = {isa = PBXFileReference; lastKnownFileType = sourcecode.swift; path = SceneDelegate.swift; sourceTree = "<group>"; };
		84BE0A3926AD7EE900FD28EB /* ViewController.swift */ = {isa = PBXFileReference; lastKnownFileType = sourcecode.swift; path = ViewController.swift; sourceTree = "<group>"; };
		84BE0A3C26AD7EE900FD28EB /* Base */ = {isa = PBXFileReference; lastKnownFileType = file.storyboard; name = Base; path = Base.lproj/Main.storyboard; sourceTree = "<group>"; };
		84BE0A3E26AD7EEA00FD28EB /* Assets.xcassets */ = {isa = PBXFileReference; lastKnownFileType = folder.assetcatalog; path = Assets.xcassets; sourceTree = "<group>"; };
		84BE0A4126AD7EEA00FD28EB /* Base */ = {isa = PBXFileReference; lastKnownFileType = file.storyboard; name = Base; path = Base.lproj/LaunchScreen.storyboard; sourceTree = "<group>"; };
		84BE0A4326AD7EEA00FD28EB /* Info.plist */ = {isa = PBXFileReference; lastKnownFileType = text.plist.xml; path = Info.plist; sourceTree = "<group>"; };
/* End PBXFileReference section */

/* Begin PBXFrameworksBuildPhase section */
		84BE0A2F26AD7EE900FD28EB /* Frameworks */ = {
			isa = PBXFrameworksBuildPhase;
			buildActionMask = 2147483647;
			files = (
			);
			runOnlyForDeploymentPostprocessing = 0;
		};
/* End PBXFrameworksBuildPhase section */

/* Begin PBXGroup section */
		84BE0A2926AD7EE900FD28EB = {
			isa = PBXGroup;
			children = (
				84BE0A3426AD7EE900FD28EB /* PulsingAnimation */,
				84BE0A3326AD7EE900FD28EB /* Products */,
			);
			sourceTree = "<group>";
		};
		84BE0A3326AD7EE900FD28EB /* Products */ = {
			isa = PBXGroup;
			children = (
				84BE0A3226AD7EE900FD28EB /* PulsingAnimation.app */,
			);
			name = Products;
			sourceTree = "<group>";
		};
		84BE0A3426AD7EE900FD28EB /* PulsingAnimation */ = {
			isa = PBXGroup;
			children = (
				84BE0A3526AD7EE900FD28EB /* AppDelegate.swift */,
				84BE0A3726AD7EE900FD28EB /* SceneDelegate.swift */,
				84BE0A3926AD7EE900FD28EB /* ViewController.swift */,
				84BE0A3B26AD7EE900FD28EB /* Main.storyboard */,
				84BE0A3E26AD7EEA00FD28EB /* Assets.xcassets */,
				84BE0A4026AD7EEA00FD28EB /* LaunchScreen.storyboard */,
				84BE0A4326AD7EEA00FD28EB /* Info.plist */,
			);
			path = PulsingAnimation;
			sourceTree = "<group>";
		};
/* End PBXGroup section */

/* Begin PBXNativeTarget section */
		84BE0A3126AD7EE900FD28EB /* PulsingAnimation */ = {
			isa = PBXNativeTarget;
			buildConfigurationList = 84BE0A4626AD7EEA00FD28EB /* Build configuration list for PBXNativeTarget "PulsingAnimation" */;
			buildPhases = (
				84BE0A2E26AD7EE900FD28EB /* Sources */,
				84BE0A2F26AD7EE900FD28EB /* Frameworks */,
				84BE0A3026AD7EE900FD28EB /* Resources */,
			);
			buildRules = (
			);
			dependencies = (
			);
			name = PulsingAnimation;
			productName = PulsingAnimation;
			productReference = 84BE0A3226AD7EE900FD28EB /* PulsingAnimation.app */;
			productType = "com.apple.product-type.application";
		};
/* End PBXNativeTarget section */

/* Begin PBXProject section */
		84BE0A2A26AD7EE900FD28EB /* Project object */ = {
			isa = PBXProject;
			attributes = {
				LastSwiftUpdateCheck = 1250;
				LastUpgradeCheck = 1250;
				TargetAttributes = {
					84BE0A3126AD7EE900FD28EB = {
						CreatedOnToolsVersion = 12.5.1;
					};
				};
			};
			buildConfigurationList = 84BE0A2D26AD7EE900FD28EB /* Build configuration list for PBXProject "PulsingAnimation" */;
			compatibilityVersion = "Xcode 9.3";
			developmentRegion = en;
			hasScannedForEncodings = 0;
			knownRegions = (
				en,
				Base,
			);
			mainGroup = 84BE0A2926AD7EE900FD28EB;
			productRefGroup = 84BE0A3326AD7EE900FD28EB /* Products */;
			projectDirPath = "";
			projectRoot = "";
			targets = (
				84BE0A3126AD7EE900FD28EB /* PulsingAnimation */,
			);
		};
/* End PBXProject section */

/* Begin PBXResourcesBuildPhase section */
		84BE0A3026AD7EE900FD28EB /* Resources */ = {
			isa = PBXResourcesBuildPhase;
			buildActionMask = 2147483647;
			files = (
				84BE0A4226AD7EEA00FD28EB /* LaunchScreen.storyboard in Resources */,
				84BE0A3F26AD7EEA00FD28EB /* Assets.xcassets in Resources */,
				84BE0A3D26AD7EE900FD28EB /* Main.storyboard in Resources */,
			);
			runOnlyForDeploymentPostprocessing = 0;
		};
/* End PBXResourcesBuildPhase section */

/* Begin PBXSourcesBuildPhase section */
		84BE0A2E26AD7EE900FD28EB /* Sources */ = {
			isa = PBXSourcesBuildPhase;
			buildActionMask = 2147483647;
			files = (
				84BE0A3A26AD7EE900FD28EB /* ViewController.swift in Sources */,
				84BE0A3626AD7EE900FD28EB /* AppDelegate.swift in Sources */,
				84BE0A3826AD7EE900FD28EB /* SceneDelegate.swift in Sources */,
			);
			runOnlyForDeploymentPostprocessing = 0;
		};
/* End PBXSourcesBuildPhase section */

/* Begin PBXVariantGroup section */
		84BE0A3B26AD7EE900FD28EB /* Main.storyboard */ = {
			isa = PBXVariantGroup;
			children = (
				84BE0A3C26AD7EE900FD28EB /* Base */,
			);
			name = Main.storyboard;
			sourceTree = "<group>";
		};
		84BE0A4026AD7EEA00FD28EB /* LaunchScreen.storyboard */ = {
			isa = PBXVariantGroup;
			children = (
				84BE0A4126AD7EEA00FD28EB /* Base */,
			);
			name = LaunchScreen.storyboard;
			sourceTree = "<group>";
		};
/* End PBXVariantGroup section */

/* Begin XCBuildConfiguration section */
		84BE0A4426AD7EEA00FD28EB /* Debug */ = {
			isa = XCBuildConfiguration;
			buildSettings = {
				ALWAYS_SEARCH_USER_PATHS = NO;
				CLANG_ANALYZER_NONNULL = YES;
				CLANG_ANALYZER_NUMBER_OBJECT_CONVERSION = YES_AGGRESSIVE;
				CLANG_CXX_LANGUAGE_STANDARD = "gnu++14";
				CLANG_CXX_LIBRARY = "libc++";
				CLANG_ENABLE_MODULES = YES;
				CLANG_ENABLE_OBJC_ARC = YES;
				CLANG_ENABLE_OBJC_WEAK = YES;
				CLANG_WARN_BLOCK_CAPTURE_AUTORELEASING = YES;
				CLANG_WARN_BOOL_CONVERSION = YES;
				CLANG_WARN_COMMA = YES;
				CLANG_WARN_CONSTANT_CONVERSION = YES;
				CLANG_WARN_DEPRECATED_OBJC_IMPLEMENTATIONS = YES;
				CLANG_WARN_DIRECT_OBJC_ISA_USAGE = YES_ERROR;
				CLANG_WARN_DOCUMENTATION_COMMENTS = YES;
				CLANG_WARN_EMPTY_BODY = YES;
				CLANG_WARN_ENUM_CONVERSION = YES;
				CLANG_WARN_INFINITE_RECURSION = YES;
				CLANG_WARN_INT_CONVERSION = YES;
				CLANG_WARN_NON_LITERAL_NULL_CONVERSION = YES;
				CLANG_WARN_OBJC_IMPLICIT_RETAIN_SELF = YES;
				CLANG_WARN_OBJC_LITERAL_CONVERSION = YES;
				CLANG_WARN_OBJC_ROOT_CLASS = YES_ERROR;
				CLANG_WARN_QUOTED_INCLUDE_IN_FRAMEWORK_HEADER = YES;
				CLANG_WARN_RANGE_LOOP_ANALYSIS = YES;
				CLANG_WARN_STRICT_PROTOTYPES = YES;
				CLANG_WARN_SUSPICIOUS_MOVE = YES;
				CLANG_WARN_UNGUARDED_AVAILABILITY = YES_AGGRESSIVE;
				CLANG_WARN_UNREACHABLE_CODE = YES;
				CLANG_WARN__DUPLICATE_METHOD_MATCH = YES;
				COPY_PHASE_STRIP = NO;
				DEBUG_INFORMATION_FORMAT = dwarf;
				ENABLE_STRICT_OBJC_MSGSEND = YES;
				ENABLE_TESTABILITY = YES;
				GCC_C_LANGUAGE_STANDARD = gnu11;
				GCC_DYNAMIC_NO_PIC = NO;
				GCC_NO_COMMON_BLOCKS = YES;
				GCC_OPTIMIZATION_LEVEL = 0;
				GCC_PREPROCESSOR_DEFINITIONS = (
					"DEBUG=1",
					"$(inherited)",
				);
				GCC_WARN_64_TO_32_BIT_CONVERSION = YES;
				GCC_WARN_ABOUT_RETURN_TYPE = YES_ERROR;
				GCC_WARN_UNDECLARED_SELECTOR = YES;
				GCC_WARN_UNINITIALIZED_AUTOS = YES_AGGRESSIVE;
				GCC_WARN_UNUSED_FUNCTION = YES;
				GCC_WARN_UNUSED_VARIABLE = YES;
				IPHONEOS_DEPLOYMENT_TARGET = 14.5;
				MTL_ENABLE_DEBUG_INFO = INCLUDE_SOURCE;
				MTL_FAST_MATH = YES;
				ONLY_ACTIVE_ARCH = YES;
				SDKROOT = iphoneos;
				SWIFT_ACTIVE_COMPILATION_CONDITIONS = DEBUG;
				SWIFT_OPTIMIZATION_LEVEL = "-Onone";
			};
			name = Debug;
		};
		84BE0A4526AD7EEA00FD28EB /* Release */ = {
			isa = XCBuildConfiguration;
			buildSettings = {
				ALWAYS_SEARCH_USER_PATHS = NO;
				CLANG_ANALYZER_NONNULL = YES;
				CLANG_ANALYZER_NUMBER_OBJECT_CONVERSION = YES_AGGRESSIVE;
				CLANG_CXX_LANGUAGE_STANDARD = "gnu++14";
				CLANG_CXX_LIBRARY = "libc++";
				CLANG_ENABLE_MODULES = YES;
				CLANG_ENABLE_OBJC_ARC = YES;
				CLANG_ENABLE_OBJC_WEAK = YES;
				CLANG_WARN_BLOCK_CAPTURE_AUTORELEASING = YES;
				CLANG_WARN_BOOL_CONVERSION = YES;
				CLANG_WARN_COMMA = YES;
				CLANG_WARN_CONSTANT_CONVERSION = YES;
				CLANG_WARN_DEPRECATED_OBJC_IMPLEMENTATIONS = YES;
				CLANG_WARN_DIRECT_OBJC_ISA_USAGE = YES_ERROR;
				CLANG_WARN_DOCUMENTATION_COMMENTS = YES;
				CLANG_WARN_EMPTY_BODY = YES;
				CLANG_WARN_ENUM_CONVERSION = YES;
				CLANG_WARN_INFINITE_RECURSION = YES;
				CLANG_WARN_INT_CONVERSION = YES;
				CLANG_WARN_NON_LITERAL_NULL_CONVERSION = YES;
				CLANG_WARN_OBJC_IMPLICIT_RETAIN_SELF = YES;
				CLANG_WARN_OBJC_LITERAL_CONVERSION = YES;
				CLANG_WARN_OBJC_ROOT_CLASS = YES_ERROR;
				CLANG_WARN_QUOTED_INCLUDE_IN_FRAMEWORK_HEADER = YES;
				CLANG_WARN_RANGE_LOOP_ANALYSIS = YES;
				CLANG_WARN_STRICT_PROTOTYPES = YES;
				CLANG_WARN_SUSPICIOUS_MOVE = YES;
				CLANG_WARN_UNGUARDED_AVAILABILITY = YES_AGGRESSIVE;
				CLANG_WARN_UNREACHABLE_CODE = YES;
				CLANG_WARN__DUPLICATE_METHOD_MATCH = YES;
				COPY_PHASE_STRIP = NO;
				DEBUG_INFORMATION_FORMAT = "dwarf-with-dsym";
				ENABLE_NS_ASSERTIONS = NO;
				ENABLE_STRICT_OBJC_MSGSEND = YES;
				GCC_C_LANGUAGE_STANDARD = gnu11;
				GCC_NO_COMMON_BLOCKS = YES;
				GCC_WARN_64_TO_32_BIT_CONVERSION = YES;
				GCC_WARN_ABOUT_RETURN_TYPE = YES_ERROR;
				GCC_WARN_UNDECLARED_SELECTOR = YES;
				GCC_WARN_UNINITIALIZED_AUTOS = YES_AGGRESSIVE;
				GCC_WARN_UNUSED_FUNCTION = YES;
				GCC_WARN_UNUSED_VARIABLE = YES;
				IPHONEOS_DEPLOYMENT_TARGET = 14.5;
				MTL_ENABLE_DEBUG_INFO = NO;
				MTL_FAST_MATH = YES;
				SDKROOT = iphoneos;
				SWIFT_COMPILATION_MODE = wholemodule;
				SWIFT_OPTIMIZATION_LEVEL = "-O";
				VALIDATE_PRODUCT = YES;
			};
			name = Release;
		};
		84BE0A4726AD7EEA00FD28EB /* Debug */ = {
			isa = XCBuildConfiguration;
			buildSettings = {
				ASSETCATALOG_COMPILER_APPICON_NAME = AppIcon;
				ASSETCATALOG_COMPILER_GLOBAL_ACCENT_COLOR_NAME = AccentColor;
				CODE_SIGN_STYLE = Automatic;
				DEVELOPMENT_TEAM = 7V4S3S7U9M;
				INFOPLIST_FILE = PulsingAnimation/Info.plist;
				LD_RUNPATH_SEARCH_PATHS = (
					"$(inherited)",
					"@executable_path/Frameworks",
				);
				PRODUCT_BUNDLE_IDENTIFIER = com.emilia98.teamOfChaos.PulsingAnimation;
				PRODUCT_NAME = "$(TARGET_NAME)";
				SWIFT_VERSION = 5.0;
				TARGETED_DEVICE_FAMILY = "1,2";
			};
			name = Debug;
		};
		84BE0A4826AD7EEA00FD28EB /* Release */ = {
			isa = XCBuildConfiguration;
			buildSettings = {
				ASSETCATALOG_COMPILER_APPICON_NAME = AppIcon;
				ASSETCATALOG_COMPILER_GLOBAL_ACCENT_COLOR_NAME = AccentColor;
				CODE_SIGN_STYLE = Automatic;
				DEVELOPMENT_TEAM = 7V4S3S7U9M;
				INFOPLIST_FILE = PulsingAnimation/Info.plist;
				LD_RUNPATH_SEARCH_PATHS = (
					"$(inherited)",
					"@executable_path/Frameworks",
				);
				PRODUCT_BUNDLE_IDENTIFIER = com.emilia98.teamOfChaos.PulsingAnimation;
				PRODUCT_NAME = "$(TARGET_NAME)";
				SWIFT_VERSION = 5.0;
				TARGETED_DEVICE_FAMILY = "1,2";
			};
			name = Release;
		};
/* End XCBuildConfiguration section */

/* Begin XCConfigurationList section */
		84BE0A2D26AD7EE900FD28EB /* Build configuration list for PBXProject "PulsingAnimation" */ = {
			isa = XCConfigurationList;
			buildConfigurations = (
				84BE0A4426AD7EEA00FD28EB /* Debug */,
				84BE0A4526AD7EEA00FD28EB /* Release */,
			);
			defaultConfigurationIsVisible = 0;
			defaultConfigurationName = Release;
		};
		84BE0A4626AD7EEA00FD28EB /* Build configuration list for PBXNativeTarget "PulsingAnimation" */ = {
			isa = XCConfigurationList;
			buildConfigurations = (
				84BE0A4726AD7EEA00FD28EB /* Debug */,
				84BE0A4826AD7EEA00FD28EB /* Release */,
			);
			defaultConfigurationIsVisible = 0;
			defaultConfigurationName = Release;
		};
/* End XCConfigurationList section */
	};
	rootObject = 84BE0A2A26AD7EE900FD28EB /* Project object */;
}
